
Microsoft Visual Studio Solution File, Format Version 11.00
# Visual Studio 2010
Project("{f2a71f9b-5d33-465a-a702-920d77279786}") = "app", "app.fsproj", "{49534786-6085-414B-B9D6-BE1065C8EC38}"
EndProject
Global
	GlobalSection(SolutionConfigurationPlatforms) = preSolution
		Debug|x86 = Debug|x86
		Release|x86 = Release|x86
	EndGlobalSection
	GlobalSection(ProjectConfigurationPlatforms) = postSolution
		{49534786-6085-414B-B9D6-BE1065C8EC38}.Debug|x86.ActiveCfg = Debug|x86
		{49534786-6085-414B-B9D6-BE1065C8EC38}.Debug|x86.Build.0 = Debug|x86
		{49534786-6085-414B-B9D6-BE1065C8EC38}.Release|x86.ActiveCfg = Release|x86
		{49534786-6085-414B-B9D6-BE1065C8EC38}.Release|x86.Build.0 = Release|x86
	EndGlobalSection
EndGlobal
